
Microsoft Visual Studio Solution File, Format Version 12.00
# Visual Studio Version 17
VisualStudioVersion = 17.9.34622.214
MinimumVisualStudioVersion = 10.0.40219.1
Project("{FAE04EC0-301F-11D3-BF4B-00C04F79EFBC}") = "SiliconMVC2", "SiliconMVC2\SiliconMVC2.csproj", "{ECC0B3F7-A14F-4602-9DFE-38BF0E4E6375}"
EndProject
Global
	GlobalSection(SolutionConfigurationPlatforms) = preSolution
		Debug|Any CPU = Debug|Any CPU
		Release|Any CPU = Release|Any CPU
	EndGlobalSection
	GlobalSection(ProjectConfigurationPlatforms) = postSolution
		{ECC0B3F7-A14F-4602-9DFE-38BF0E4E6375}.Debug|Any CPU.ActiveCfg = Debug|Any CPU
		{ECC0B3F7-A14F-4602-9DFE-38BF0E4E6375}.Debug|Any CPU.Build.0 = Debug|Any CPU
		{ECC0B3F7-A14F-4602-9DFE-38BF0E4E6375}.Release|Any CPU.ActiveCfg = Release|Any CPU
		{ECC0B3F7-A14F-4602-9DFE-38BF0E4E6375}.Release|Any CPU.Build.0 = Release|Any CPU
	EndGlobalSection
	GlobalSection(SolutionProperties) = preSolution
		HideSolutionNode = FALSE
	EndGlobalSection
	GlobalSection(ExtensibilityGlobals) = postSolution
		SolutionGuid = {A8596437-D8EC-4EE5-90BD-208694A6DECE}
	EndGlobalSection
EndGlobal
